
Microsoft Visual Studio Solution File, Format Version 12.00
# Visual Studio Version 17
VisualStudioVersion = 17.1.32319.34
MinimumVisualStudioVersion = 10.0.40219.1
Project("{FAE04EC0-301F-11D3-BF4B-00C04F79EFBC}") = "Cs4490", "Cs4490\Cs4490.csproj", "{4883E4FD-EC71-46E2-8418-69D08B908967}"
EndProject
Global
	GlobalSection(SolutionConfigurationPlatforms) = preSolution
		Debug|Any CPU = Debug|Any CPU
		Release|Any CPU = Release|Any CPU
	EndGlobalSection
	GlobalSection(ProjectConfigurationPlatforms) = postSolution
		{4883E4FD-EC71-46E2-8418-69D08B908967}.Debug|Any CPU.ActiveCfg = Debug|Any CPU
		{4883E4FD-EC71-46E2-8418-69D08B908967}.Debug|Any CPU.Build.0 = Debug|Any CPU
		{4883E4FD-EC71-46E2-8418-69D08B908967}.Release|Any CPU.ActiveCfg = Release|Any CPU
		{4883E4FD-EC71-46E2-8418-69D08B908967}.Release|Any CPU.Build.0 = Release|Any CPU
	EndGlobalSection
	GlobalSection(SolutionProperties) = preSolution
		HideSolutionNode = FALSE
	EndGlobalSection
	GlobalSection(ExtensibilityGlobals) = postSolution
		SolutionGuid = {0B4C3A4A-E8EF-43DE-A3FA-0357E47CA3BF}
	EndGlobalSection
EndGlobal
